{
  "projects": [
    {
      "projectId": "9Vr5YWkf3w7jj6SsTcCEta",
      "version": "0.3.0",
      "dependencies": {},
      "lang": "ts",
      "fileLocks": [
        {
          "assetId": "9Vr5YWkf3w7jj6SsTcCEta",
          "type": "projectCss",
          "checksum": "e1ec850476829c38b0f9b6d4f7ac446a"
        }
      ],
      "codegenVersion": "0.0.1"
    },
    {
      "projectId": "jkU633o1Cz7HrJdwdxhVHk",
      "version": "16.1.2",
      "dependencies": {},
      "lang": "ts",
      "fileLocks": [
        {
          "assetId": "jkU633o1Cz7HrJdwdxhVHk",
          "type": "projectCss",
          "checksum": "e1ec850476829c38b0f9b6d4f7ac446a"
        }
      ],
      "codegenVersion": "0.0.1"
    },
    {
      "projectId": "ohDidvG9XsCeFumugENU3J",
      "version": "6.4.0",
      "dependencies": {},
      "lang": "ts",
      "fileLocks": [
        {
          "assetId": "ohDidvG9XsCeFumugENU3J",
          "type": "projectCss",
          "checksum": "fd83b730367fdbde2c69bc6cf31c2a3c"
        },
        {
          "assetId": "ohDidvG9XsCeFumugENU3J",
          "checksum": "9edd6de3249e8ce87ee98f963fba1736",
          "type": "globalContexts"
        }
      ],
      "codegenVersion": "0.0.1"
    },
    {
      "projectId": "dgFPhDvLY4vKuXTDNeS2uD",
      "version": "latest",
      "dependencies": {
        "ohDidvG9XsCeFumugENU3J": "6.10.0",
        "jkU633o1Cz7HrJdwdxhVHk": "16.2.0",
        "9Vr5YWkf3w7jj6SsTcCEta": "0.5.0"
      },
      "lang": "ts",
      "fileLocks": [
        {
          "type": "globalVariant",
          "assetId": "2L7q9g-OqRQF",
          "checksum": "c2198004dfbda84f3ab72d4f089e9744"
        },
        {
          "assetId": "dgFPhDvLY4vKuXTDNeS2uD",
          "checksum": "3d5289f94d8875152d447394c599ddf9",
          "type": "globalContexts"
        },
        {
          "type": "renderModule",
          "assetId": "NPd_In1Oo0LG",
          "checksum": "7d0745273bd29e0b07463cad87bc4149"
        },
        {
          "type": "cssRules",
          "assetId": "NPd_In1Oo0LG",
          "checksum": "7d0745273bd29e0b07463cad87bc4149"
        },
        {
          "type": "renderModule",
          "assetId": "R1X6uL4350tK",
          "checksum": "a0e369d5a1e73b6a7e6d4d3efa1ae9bc"
        },
        {
          "type": "cssRules",
          "assetId": "R1X6uL4350tK",
          "checksum": "a0e369d5a1e73b6a7e6d4d3efa1ae9bc"
        },
        {
          "type": "icon",
          "assetId": "oD8p6UEfEUXs",
          "checksum": "6a7360700b3ed22c7f0afed7161f7195"
        },
        {
          "type": "icon",
          "assetId": "nec779uSF8vO",
          "checksum": "d811f1f98c9158d6e07654b0839b1292"
        },
        {
          "type": "renderModule",
          "assetId": "0PZp08sfUB2s",
          "checksum": "5a76c012e2b7eb74c2db6b5ac55b321f"
        },
        {
          "type": "cssRules",
          "assetId": "0PZp08sfUB2s",
          "checksum": "5a76c012e2b7eb74c2db6b5ac55b321f"
        },
        {
          "type": "renderModule",
          "assetId": "55kApvrAnys1",
          "checksum": "acb6aecf9d0f64f44419963b1fb37514"
        },
        {
          "type": "cssRules",
          "assetId": "55kApvrAnys1",
          "checksum": "acb6aecf9d0f64f44419963b1fb37514"
        },
        {
          "type": "renderModule",
          "assetId": "3fSRvGY02nPI",
          "checksum": "df571ad794c0778270fc21bee1f7c22c"
        },
        {
          "type": "cssRules",
          "assetId": "3fSRvGY02nPI",
          "checksum": "df571ad794c0778270fc21bee1f7c22c"
        },
        {
          "type": "renderModule",
          "assetId": "liMopMx32AUE",
          "checksum": "544de13a3e72bb5f433a0c676542276d"
        },
        {
          "type": "cssRules",
          "assetId": "liMopMx32AUE",
          "checksum": "544de13a3e72bb5f433a0c676542276d"
        },
        {
          "type": "renderModule",
          "assetId": "nMXkst29F9gX",
          "checksum": "44e688b8c4d78b2674691a9b7787bf48"
        },
        {
          "type": "cssRules",
          "assetId": "nMXkst29F9gX",
          "checksum": "44e688b8c4d78b2674691a9b7787bf48"
        },
        {
          "type": "renderModule",
          "assetId": "05mOR9eSl0_B",
          "checksum": "e6f23eba3a5ad50e0acb11ab7077ef1c"
        },
        {
          "type": "cssRules",
          "assetId": "05mOR9eSl0_B",
          "checksum": "e6f23eba3a5ad50e0acb11ab7077ef1c"
        },
        {
          "type": "renderModule",
          "assetId": "9eQClZasp6EW",
          "checksum": "f850805bd9d73140c9079dfe388e215f"
        },
        {
          "type": "cssRules",
          "assetId": "9eQClZasp6EW",
          "checksum": "f850805bd9d73140c9079dfe388e215f"
        },
        {
          "type": "renderModule",
          "assetId": "EtaPIGcLwHv0",
          "checksum": "77018566bed714aa7d24d3f6e207c4a3"
        },
        {
          "type": "cssRules",
          "assetId": "EtaPIGcLwHv0",
          "checksum": "77018566bed714aa7d24d3f6e207c4a3"
        },
        {
          "type": "renderModule",
          "assetId": "yPi8m4SnU-qf",
          "checksum": "d94afa9478ecc6e51b419309e7a36c74"
        },
        {
          "type": "cssRules",
          "assetId": "yPi8m4SnU-qf",
          "checksum": "d94afa9478ecc6e51b419309e7a36c74"
        },
        {
          "type": "renderModule",
          "assetId": "iJ9VAOwmK_pG",
          "checksum": "a94257b559ea7c77092f62bf64a7fed6"
        },
        {
          "type": "cssRules",
          "assetId": "iJ9VAOwmK_pG",
          "checksum": "a94257b559ea7c77092f62bf64a7fed6"
        },
        {
          "type": "renderModule",
          "assetId": "kUc8557CRXQF",
          "checksum": "213fa658e9077c2733d1ac0ffeda4444"
        },
        {
          "type": "cssRules",
          "assetId": "kUc8557CRXQF",
          "checksum": "213fa658e9077c2733d1ac0ffeda4444"
        },
        {
          "type": "renderModule",
          "assetId": "2FrFNBw3REdi",
          "checksum": "abf7018ba426dee99e944b6e8fa1ea47"
        },
        {
          "type": "cssRules",
          "assetId": "2FrFNBw3REdi",
          "checksum": "abf7018ba426dee99e944b6e8fa1ea47"
        },
        {
          "type": "renderModule",
          "assetId": "6Gd6KrI9lbix",
          "checksum": "8502523c7c82b406b6190428f492155f"
        },
        {
          "type": "cssRules",
          "assetId": "6Gd6KrI9lbix",
          "checksum": "8502523c7c82b406b6190428f492155f"
        },
        {
          "type": "renderModule",
          "assetId": "htrT0eM9VhMx",
          "checksum": "e775ffd40d21df9b71af2e51b14b9baf"
        },
        {
          "type": "cssRules",
          "assetId": "htrT0eM9VhMx",
          "checksum": "e775ffd40d21df9b71af2e51b14b9baf"
        },
        {
          "type": "renderModule",
          "assetId": "iJ9VAOwmK_pG",
          "checksum": "d13bd70c232cad1fd7942a6f775c310e"
        },
        {
          "type": "cssRules",
          "assetId": "iJ9VAOwmK_pG",
          "checksum": "d13bd70c232cad1fd7942a6f775c310e"
        },
        {
          "type": "renderModule",
          "assetId": "xDqDP0kwNAZW",
          "checksum": "8cb9bde54434a8118fc71525b75e3d08"
        },
        {
          "type": "cssRules",
          "assetId": "xDqDP0kwNAZW",
          "checksum": "8cb9bde54434a8118fc71525b75e3d08"
        },
        {
          "type": "renderModule",
          "assetId": "di9u-oXGa0_E",
          "checksum": "128c2621791daba70dc6a339f5ee7d8e"
        },
        {
          "type": "cssRules",
          "assetId": "di9u-oXGa0_E",
          "checksum": "128c2621791daba70dc6a339f5ee7d8e"
        },
        {
          "type": "image",
          "assetId": "MziYZaevNWRL",
          "checksum": "465a969222a6f59f1960683657f67905"
        },
        {
          "type": "image",
          "assetId": "uLclUKlXZcZp",
          "checksum": "1e44d96c6d16f53b0e1427a131df1b42"
        },
        {
          "type": "renderModule",
          "assetId": "1n2yq6wOjOZQ",
          "checksum": "e3d29d1f5a27e983381db95314bb7896"
        },
        {
          "type": "cssRules",
          "assetId": "1n2yq6wOjOZQ",
          "checksum": "e3d29d1f5a27e983381db95314bb7896"
        },
        {
          "type": "renderModule",
          "assetId": "WAfeEKolJYVh",
          "checksum": "132a05fca75fbb8c13906603e78247b0"
        },
        {
          "type": "cssRules",
          "assetId": "WAfeEKolJYVh",
          "checksum": "132a05fca75fbb8c13906603e78247b0"
        },
        {
          "type": "renderModule",
          "assetId": "paGL4XKTn0Fb",
          "checksum": "24c39540455dd723d39fe1574f9b4ed6"
        },
        {
          "type": "cssRules",
          "assetId": "paGL4XKTn0Fb",
          "checksum": "24c39540455dd723d39fe1574f9b4ed6"
        },
        {
          "assetId": "dgFPhDvLY4vKuXTDNeS2uD",
          "type": "projectCss",
          "checksum": "0b22dedc0ac51c259fea8f473314c240"
        }
      ],
      "codegenVersion": "0.0.1"
    }
  ],
  "cliVersion": "0.1.249"
}
