{
  "projects": [
    {
      "projectId": "9Vr5YWkf3w7jj6SsTcCEta",
      "version": "0.3.0",
      "dependencies": {},
      "lang": "ts",
      "fileLocks": [
        {
          "assetId": "9Vr5YWkf3w7jj6SsTcCEta",
          "type": "projectCss",
          "checksum": "e1ec850476829c38b0f9b6d4f7ac446a"
        }
      ],
      "codegenVersion": "0.0.1"
    },
    {
      "projectId": "jkU633o1Cz7HrJdwdxhVHk",
      "version": "16.1.2",
      "dependencies": {},
      "lang": "ts",
      "fileLocks": [
        {
          "assetId": "jkU633o1Cz7HrJdwdxhVHk",
          "type": "projectCss",
          "checksum": "e1ec850476829c38b0f9b6d4f7ac446a"
        }
      ],
      "codegenVersion": "0.0.1"
    },
    {
      "projectId": "ohDidvG9XsCeFumugENU3J",
      "version": "6.4.0",
      "dependencies": {},
      "lang": "ts",
      "fileLocks": [
        {
          "assetId": "ohDidvG9XsCeFumugENU3J",
          "type": "projectCss",
          "checksum": "fd83b730367fdbde2c69bc6cf31c2a3c"
        },
        {
          "assetId": "ohDidvG9XsCeFumugENU3J",
          "checksum": "9edd6de3249e8ce87ee98f963fba1736",
          "type": "globalContexts"
        }
      ],
      "codegenVersion": "0.0.1"
    },
    {
      "projectId": "dgFPhDvLY4vKuXTDNeS2uD",
      "version": "latest",
      "dependencies": {
        "ohDidvG9XsCeFumugENU3J": "6.4.0",
        "jkU633o1Cz7HrJdwdxhVHk": "16.1.2",
        "9Vr5YWkf3w7jj6SsTcCEta": "0.3.0"
      },
      "lang": "ts",
      "fileLocks": [
        {
          "type": "globalVariant",
          "assetId": "2L7q9g-OqRQF",
          "checksum": "c2198004dfbda84f3ab72d4f089e9744"
        },
        {
          "assetId": "dgFPhDvLY4vKuXTDNeS2uD",
          "checksum": "3d5289f94d8875152d447394c599ddf9",
          "type": "globalContexts"
        },
        {
          "type": "renderModule",
          "assetId": "NPd_In1Oo0LG",
          "checksum": "26cabbb346f8bdaf421fd668f6400a7a"
        },
        {
          "type": "cssRules",
          "assetId": "NPd_In1Oo0LG",
          "checksum": "26cabbb346f8bdaf421fd668f6400a7a"
        },
        {
          "type": "renderModule",
          "assetId": "R1X6uL4350tK",
          "checksum": "94585d5f399f6bd3049bc39713ed66a6"
        },
        {
          "type": "cssRules",
          "assetId": "R1X6uL4350tK",
          "checksum": "94585d5f399f6bd3049bc39713ed66a6"
        },
        {
          "type": "icon",
          "assetId": "oD8p6UEfEUXs",
          "checksum": "6a7360700b3ed22c7f0afed7161f7195"
        },
        {
          "type": "icon",
          "assetId": "nec779uSF8vO",
          "checksum": "d811f1f98c9158d6e07654b0839b1292"
        },
        {
          "type": "renderModule",
          "assetId": "0PZp08sfUB2s",
          "checksum": "076f93ae4d239ef275115383fa9898d7"
        },
        {
          "type": "cssRules",
          "assetId": "0PZp08sfUB2s",
          "checksum": "076f93ae4d239ef275115383fa9898d7"
        },
        {
          "type": "renderModule",
          "assetId": "55kApvrAnys1",
          "checksum": "f8cc8eda0f31ed0f5a7e8ef3ed3e092c"
        },
        {
          "type": "cssRules",
          "assetId": "55kApvrAnys1",
          "checksum": "f8cc8eda0f31ed0f5a7e8ef3ed3e092c"
        },
        {
          "type": "renderModule",
          "assetId": "3fSRvGY02nPI",
          "checksum": "7138970839078210bd9b09c33b3556a7"
        },
        {
          "type": "cssRules",
          "assetId": "3fSRvGY02nPI",
          "checksum": "7138970839078210bd9b09c33b3556a7"
        },
        {
          "type": "renderModule",
          "assetId": "liMopMx32AUE",
          "checksum": "80f2253f4f0c4e98f75ed5a544f9b7ba"
        },
        {
          "type": "cssRules",
          "assetId": "liMopMx32AUE",
          "checksum": "80f2253f4f0c4e98f75ed5a544f9b7ba"
        },
        {
          "type": "renderModule",
          "assetId": "nMXkst29F9gX",
          "checksum": "ce586e4f3c85b9f10411d0e7d0d04127"
        },
        {
          "type": "cssRules",
          "assetId": "nMXkst29F9gX",
          "checksum": "ce586e4f3c85b9f10411d0e7d0d04127"
        },
        {
          "type": "renderModule",
          "assetId": "05mOR9eSl0_B",
          "checksum": "a4d6ee7f67a3e62ff9fb57c66752653a"
        },
        {
          "type": "cssRules",
          "assetId": "05mOR9eSl0_B",
          "checksum": "a4d6ee7f67a3e62ff9fb57c66752653a"
        },
        {
          "assetId": "dgFPhDvLY4vKuXTDNeS2uD",
          "type": "projectCss",
          "checksum": "adbe98377a9ef2224c6f4d479f3bc287"
        }
      ],
      "codegenVersion": "0.0.1"
    }
  ],
  "cliVersion": "0.1.249"
}
